
Microsoft Visual Studio Solution File, Format Version 12.00
# Visual Studio Version 17
VisualStudioVersion = 17.8.34408.163
MinimumVisualStudioVersion = 10.0.40219.1
Project("{FAE04EC0-301F-11D3-BF4B-00C04F79EFBC}") = "jogoDaForca", "jogoDaForca\jogoDaForca.csproj", "{CBBB4262-0481-4527-B36E-1E8489AEB6FA}"
EndProject
Global
	GlobalSection(SolutionConfigurationPlatforms) = preSolution
		Debug|Any CPU = Debug|Any CPU
		Release|Any CPU = Release|Any CPU
	EndGlobalSection
	GlobalSection(ProjectConfigurationPlatforms) = postSolution
		{CBBB4262-0481-4527-B36E-1E8489AEB6FA}.Debug|Any CPU.ActiveCfg = Debug|Any CPU
		{CBBB4262-0481-4527-B36E-1E8489AEB6FA}.Debug|Any CPU.Build.0 = Debug|Any CPU
		{CBBB4262-0481-4527-B36E-1E8489AEB6FA}.Release|Any CPU.ActiveCfg = Release|Any CPU
		{CBBB4262-0481-4527-B36E-1E8489AEB6FA}.Release|Any CPU.Build.0 = Release|Any CPU
	EndGlobalSection
	GlobalSection(SolutionProperties) = preSolution
		HideSolutionNode = FALSE
	EndGlobalSection
	GlobalSection(ExtensibilityGlobals) = postSolution
		SolutionGuid = {4DFCBF60-047C-414F-A984-9E51ABF36144}
	EndGlobalSection
EndGlobal
